
Microsoft Visual Studio Solution File, Format Version 12.00
# Visual Studio Version 17
VisualStudioVersion = 17.9.34728.123
MinimumVisualStudioVersion = 10.0.40219.1
Project("{FAE04EC0-301F-11D3-BF4B-00C04F79EFBC}") = "EquityAfia.HealthRecordManagement.Api", "EquityAfia.HealthRecordManagement.Api\EquityAfia.HealthRecordManagement.Api.csproj", "{246F5AB7-2A84-4C0F-809D-43212DA29B91}"
EndProject
Project("{FAE04EC0-301F-11D3-BF4B-00C04F79EFBC}") = "EquityAfia.HealthRecordManagement.Domain", "EquityAfia.HealthRecordManagement.Domain\EquityAfia.HealthRecordManagement.Domain.csproj", "{81264414-BA47-45FF-B0CC-036D86874E36}"
EndProject
Project("{FAE04EC0-301F-11D3-BF4B-00C04F79EFBC}") = "EquityAfia.HealthRecordManagement.Application", "EquityAfia.HealthRecordManagement.Application\EquityAfia.HealthRecordManagement.Application.csproj", "{E2FE9C96-95A9-4D95-BA7E-7190A889041D}"
EndProject
Project("{FAE04EC0-301F-11D3-BF4B-00C04F79EFBC}") = "EquityAfia.HealthRecordManagement.Contracts", "EquityAfia.HealthRecordManagement.Contracts\EquityAfia.HealthRecordManagement.Contracts.csproj", "{BD145DD1-82D6-4494-B3C0-B147DB4AEEAE}"
EndProject
Project("{FAE04EC0-301F-11D3-BF4B-00C04F79EFBC}") = "EquityAfia.HealthRecordManagement.Infrastructure", "EquityAfia.HealthRecordManagement.Infrastructure\EquityAfia.HealthRecordManagement.Infrastructure.csproj", "{3168B543-76BE-4020-893C-1F36FF1E53BC}"
EndProject
Global
	GlobalSection(SolutionConfigurationPlatforms) = preSolution
		Debug|Any CPU = Debug|Any CPU
		Release|Any CPU = Release|Any CPU
	EndGlobalSection
	GlobalSection(ProjectConfigurationPlatforms) = postSolution
		{246F5AB7-2A84-4C0F-809D-43212DA29B91}.Debug|Any CPU.ActiveCfg = Debug|Any CPU
		{246F5AB7-2A84-4C0F-809D-43212DA29B91}.Debug|Any CPU.Build.0 = Debug|Any CPU
		{246F5AB7-2A84-4C0F-809D-43212DA29B91}.Release|Any CPU.ActiveCfg = Release|Any CPU
		{246F5AB7-2A84-4C0F-809D-43212DA29B91}.Release|Any CPU.Build.0 = Release|Any CPU
		{81264414-BA47-45FF-B0CC-036D86874E36}.Debug|Any CPU.ActiveCfg = Debug|Any CPU
		{81264414-BA47-45FF-B0CC-036D86874E36}.Debug|Any CPU.Build.0 = Debug|Any CPU
		{81264414-BA47-45FF-B0CC-036D86874E36}.Release|Any CPU.ActiveCfg = Release|Any CPU
		{81264414-BA47-45FF-B0CC-036D86874E36}.Release|Any CPU.Build.0 = Release|Any CPU
		{E2FE9C96-95A9-4D95-BA7E-7190A889041D}.Debug|Any CPU.ActiveCfg = Debug|Any CPU
		{E2FE9C96-95A9-4D95-BA7E-7190A889041D}.Debug|Any CPU.Build.0 = Debug|Any CPU
		{E2FE9C96-95A9-4D95-BA7E-7190A889041D}.Release|Any CPU.ActiveCfg = Release|Any CPU
		{E2FE9C96-95A9-4D95-BA7E-7190A889041D}.Release|Any CPU.Build.0 = Release|Any CPU
		{BD145DD1-82D6-4494-B3C0-B147DB4AEEAE}.Debug|Any CPU.ActiveCfg = Debug|Any CPU
		{BD145DD1-82D6-4494-B3C0-B147DB4AEEAE}.Debug|Any CPU.Build.0 = Debug|Any CPU
		{BD145DD1-82D6-4494-B3C0-B147DB4AEEAE}.Release|Any CPU.ActiveCfg = Release|Any CPU
		{BD145DD1-82D6-4494-B3C0-B147DB4AEEAE}.Release|Any CPU.Build.0 = Release|Any CPU
		{3168B543-76BE-4020-893C-1F36FF1E53BC}.Debug|Any CPU.ActiveCfg = Debug|Any CPU
		{3168B543-76BE-4020-893C-1F36FF1E53BC}.Debug|Any CPU.Build.0 = Debug|Any CPU
		{3168B543-76BE-4020-893C-1F36FF1E53BC}.Release|Any CPU.ActiveCfg = Release|Any CPU
		{3168B543-76BE-4020-893C-1F36FF1E53BC}.Release|Any CPU.Build.0 = Release|Any CPU
	EndGlobalSection
	GlobalSection(SolutionProperties) = preSolution
		HideSolutionNode = FALSE
	EndGlobalSection
	GlobalSection(ExtensibilityGlobals) = postSolution
		SolutionGuid = {1215DD09-7004-48E7-B7A4-A020369A6E85}
	EndGlobalSection
EndGlobal
